
Microsoft Visual Studio Solution File, Format Version 12.00
# Visual Studio 15
VisualStudioVersion = 15.0.28307.329
MinimumVisualStudioVersion = 10.0.40219.1
Project("{FAE04EC0-301F-11D3-BF4B-00C04F79EFBC}") = "PoCUoWAndRepository.APIRest", "PoCUoWAndRepository.APIRest\PoCUoWAndRepository.APIRest.csproj", "{E5C8932A-5E10-4872-9980-F14065A44BE0}"
EndProject
Global
	GlobalSection(SolutionConfigurationPlatforms) = preSolution
		Debug|Any CPU = Debug|Any CPU
		Release|Any CPU = Release|Any CPU
	EndGlobalSection
	GlobalSection(ProjectConfigurationPlatforms) = postSolution
		{E5C8932A-5E10-4872-9980-F14065A44BE0}.Debug|Any CPU.ActiveCfg = Debug|Any CPU
		{E5C8932A-5E10-4872-9980-F14065A44BE0}.Debug|Any CPU.Build.0 = Debug|Any CPU
		{E5C8932A-5E10-4872-9980-F14065A44BE0}.Release|Any CPU.ActiveCfg = Release|Any CPU
		{E5C8932A-5E10-4872-9980-F14065A44BE0}.Release|Any CPU.Build.0 = Release|Any CPU
	EndGlobalSection
	GlobalSection(SolutionProperties) = preSolution
		HideSolutionNode = FALSE
	EndGlobalSection
	GlobalSection(ExtensibilityGlobals) = postSolution
		SolutionGuid = {2BECACE4-FA37-4DF6-B6CD-1D8DA2844F8D}
	EndGlobalSection
EndGlobal
